<?xml version="1.0" encoding="utf-8"?>
<Project ToolsVersion="4.0" xmlns="http://schemas.microsoft.com/developer/msbuild/2003">
  <ItemGroup>
    <ClCompile Include="BasicNeedPersonCommand.cpp">
      <Filter>Source Files</Filter>
    </ClCompile>
    <ClCompile Include="PersonFactory.cpp">
      <Filter>Source Files</Filter>
    </ClCompile>
    <ClCompile Include="PersonWithNeeds.cpp">
      <Filter>Source Files</Filter>
    </ClCompile>
  </ItemGroup>
  <ItemGroup>
    <ClInclude Include="BasicNeedPersonCommand.h">
      <Filter>Header Files</Filter>
    </ClInclude>
    <ClInclude Include="PersonFactory.h">
      <Filter>Header Files</Filter>
    </ClInclude>
    <ClInclude Include="PersonWithNeeds.h">
      <Filter>Header Files</Filter>
    </ClInclude>
  </ItemGroup>
  <ItemGroup>
    <CustomBuild Include="CMakeLists.txt" />
  </ItemGroup>
  <ItemGroup>
    <Filter Include="Source Files">
      <UniqueIdentifier>{AC95869C-17DD-4A87-AA88-3875D2944BE7}</UniqueIdentifier>
    </Filter>
    <Filter Include="Header Files">
      <UniqueIdentifier>{E5521E55-807F-40D2-91C0-2DE375BE6942}</UniqueIdentifier>
    </Filter>
  </ItemGroup>
</Project>
